
Microsoft Visual Studio Solution File, Format Version 12.00
# Visual Studio Version 17
VisualStudioVersion = 17.9.34616.47
MinimumVisualStudioVersion = 10.0.40219.1
Project("{FAE04EC0-301F-11D3-BF4B-00C04F79EFBC}") = "AOTW_P2PChat", "AOTW_P2PChat.csproj", "{A69F342F-6E7B-4C37-BA7A-468D2FE674FE}"
EndProject
Global
	GlobalSection(SolutionConfigurationPlatforms) = preSolution
		Debug|Any CPU = Debug|Any CPU
		Release|Any CPU = Release|Any CPU
	EndGlobalSection
	GlobalSection(ProjectConfigurationPlatforms) = postSolution
		{A69F342F-6E7B-4C37-BA7A-468D2FE674FE}.Debug|Any CPU.ActiveCfg = Debug|Any CPU
		{A69F342F-6E7B-4C37-BA7A-468D2FE674FE}.Debug|Any CPU.Build.0 = Debug|Any CPU
		{A69F342F-6E7B-4C37-BA7A-468D2FE674FE}.Release|Any CPU.ActiveCfg = Release|Any CPU
		{A69F342F-6E7B-4C37-BA7A-468D2FE674FE}.Release|Any CPU.Build.0 = Release|Any CPU
	EndGlobalSection
	GlobalSection(SolutionProperties) = preSolution
		HideSolutionNode = FALSE
	EndGlobalSection
	GlobalSection(ExtensibilityGlobals) = postSolution
		SolutionGuid = {D9FE2C61-7D3B-4A33-BBEE-F32E891CED4F}
	EndGlobalSection
EndGlobal
